
Microsoft Visual Studio Solution File, Format Version 12.00
# Visual Studio Version 17
VisualStudioVersion = 17.9.34714.143
MinimumVisualStudioVersion = 10.0.40219.1
Project("{FAE04EC0-301F-11D3-BF4B-00C04F79EFBC}") = "Blog", "Blog.csproj", "{842C0BB3-15C0-4C42-B829-C33E930EDB9F}"
EndProject
Global
	GlobalSection(SolutionConfigurationPlatforms) = preSolution
		Debug|Any CPU = Debug|Any CPU
		Release|Any CPU = Release|Any CPU
	EndGlobalSection
	GlobalSection(ProjectConfigurationPlatforms) = postSolution
		{842C0BB3-15C0-4C42-B829-C33E930EDB9F}.Debug|Any CPU.ActiveCfg = Debug|Any CPU
		{842C0BB3-15C0-4C42-B829-C33E930EDB9F}.Debug|Any CPU.Build.0 = Debug|Any CPU
		{842C0BB3-15C0-4C42-B829-C33E930EDB9F}.Release|Any CPU.ActiveCfg = Release|Any CPU
		{842C0BB3-15C0-4C42-B829-C33E930EDB9F}.Release|Any CPU.Build.0 = Release|Any CPU
	EndGlobalSection
	GlobalSection(SolutionProperties) = preSolution
		HideSolutionNode = FALSE
	EndGlobalSection
	GlobalSection(ExtensibilityGlobals) = postSolution
		SolutionGuid = {093481AC-8DA2-4FF8-86BF-829FBB14625B}
	EndGlobalSection
EndGlobal
